
Microsoft Visual Studio Solution File, Format Version 11.00
# Visual Studio 2010
Project("{FAE04EC0-301F-11D3-BF4B-00C04F79EFBC}") = "HoloLens Apps Showcase", "Assembly-CSharp.csproj", "{2D7E9BF9-2D57-A465-A380-1E559C3DD401}"
EndProject
Project("{FAE04EC0-301F-11D3-BF4B-00C04F79EFBC}") = "HoloLens Apps Showcase", "Assembly-CSharp-Editor.csproj", "{2B3FFDE7-93E4-83EE-B9BA-EA93225F96ED}"
EndProject
Global
	GlobalSection(SolutionConfigurationPlatforms) = preSolution
		Debug|Any CPU = Debug|Any CPU
		Release|Any CPU = Release|Any CPU
	EndGlobalSection
	GlobalSection(ProjectConfigurationPlatforms) = postSolution
		{2D7E9BF9-2D57-A465-A380-1E559C3DD401}.Debug|Any CPU.ActiveCfg = Debug|Any CPU
		{2D7E9BF9-2D57-A465-A380-1E559C3DD401}.Debug|Any CPU.Build.0 = Debug|Any CPU
		{2D7E9BF9-2D57-A465-A380-1E559C3DD401}.Release|Any CPU.ActiveCfg = Release|Any CPU
		{2D7E9BF9-2D57-A465-A380-1E559C3DD401}.Release|Any CPU.Build.0 = Release|Any CPU
		{2B3FFDE7-93E4-83EE-B9BA-EA93225F96ED}.Debug|Any CPU.ActiveCfg = Debug|Any CPU
		{2B3FFDE7-93E4-83EE-B9BA-EA93225F96ED}.Debug|Any CPU.Build.0 = Debug|Any CPU
		{2B3FFDE7-93E4-83EE-B9BA-EA93225F96ED}.Release|Any CPU.ActiveCfg = Release|Any CPU
		{2B3FFDE7-93E4-83EE-B9BA-EA93225F96ED}.Release|Any CPU.Build.0 = Release|Any CPU
	EndGlobalSection
	GlobalSection(SolutionProperties) = preSolution
		HideSolutionNode = FALSE
	EndGlobalSection
	GlobalSection(MonoDevelopProperties) = preSolution
		StartupItem = Assembly-CSharp.csproj
	EndGlobalSection
EndGlobal
